PODS:
  - Flutter (1.0.0)
  - fluxmly (0.0.1):
    - Flutter

DEPENDENCIES:
  - Flutter (from `Flutter`)
  - fluxmly (from `.symlinks/plugins/fluxmly/ios`)

EXTERNAL SOURCES:
  Flutter:
    :path: Flutter
  fluxmly:
    :path: ".symlinks/plugins/fluxmly/ios"

SPEC CHECKSUMS:
  Flutter: 0e3d915762c693b495b44d77113d4970485de6ec
  fluxmly: 0bb9c0a67c0a44880cfcc4ac7ea7f9915e384e63

PODFILE CHECKSUM: f32fb4e7c14f8b3ca19a369d7be425dd9241af27

COCOAPODS: 1.8.4
